
Microsoft Visual Studio Solution File, Format Version 12.00
# Visual Studio Version 16
VisualStudioVersion = 16.0.31019.35
MinimumVisualStudioVersion = 10.0.40219.1
Project("{FAE04EC0-301F-11D3-BF4B-00C04F79EFBC}") = "Hello Jenkins", "Hello Jenkins\Hello Jenkins.csproj", "{A18BC768-73C0-4DE8-A2CA-22FACCD336D2}"
EndProject
Global
	GlobalSection(SolutionConfigurationPlatforms) = preSolution
		Debug|Any CPU = Debug|Any CPU
		Release|Any CPU = Release|Any CPU
	EndGlobalSection
	GlobalSection(ProjectConfigurationPlatforms) = postSolution
		{A18BC768-73C0-4DE8-A2CA-22FACCD336D2}.Debug|Any CPU.ActiveCfg = Debug|Any CPU
		{A18BC768-73C0-4DE8-A2CA-22FACCD336D2}.Debug|Any CPU.Build.0 = Debug|Any CPU
		{A18BC768-73C0-4DE8-A2CA-22FACCD336D2}.Release|Any CPU.ActiveCfg = Release|Any CPU
		{A18BC768-73C0-4DE8-A2CA-22FACCD336D2}.Release|Any CPU.Build.0 = Release|Any CPU
	EndGlobalSection
	GlobalSection(SolutionProperties) = preSolution
		HideSolutionNode = FALSE
	EndGlobalSection
	GlobalSection(ExtensibilityGlobals) = postSolution
		SolutionGuid = {01A27EA4-B329-4AF1-9A60-9926FD2CD5A7}
	EndGlobalSection
EndGlobal
